
Microsoft Visual Studio Solution File, Format Version 12.00
# Visual Studio Version 16
VisualStudioVersion = 16.0.30621.155
MinimumVisualStudioVersion = 10.0.40219.1
Project("{9A19103F-16F7-4668-BE54-9A1E7A4F7556}") = "Program", "Program.csproj", "{8E3C01B3-FF78-49B6-983A-A274E047BE7F}"
EndProject
Global
	GlobalSection(SolutionConfigurationPlatforms) = preSolution
		Debug|Any CPU = Debug|Any CPU
		Release|Any CPU = Release|Any CPU
	EndGlobalSection
	GlobalSection(ProjectConfigurationPlatforms) = postSolution
		{8E3C01B3-FF78-49B6-983A-A274E047BE7F}.Debug|Any CPU.ActiveCfg = Debug|Any CPU
		{8E3C01B3-FF78-49B6-983A-A274E047BE7F}.Debug|Any CPU.Build.0 = Debug|Any CPU
		{8E3C01B3-FF78-49B6-983A-A274E047BE7F}.Release|Any CPU.ActiveCfg = Release|Any CPU
		{8E3C01B3-FF78-49B6-983A-A274E047BE7F}.Release|Any CPU.Build.0 = Release|Any CPU
	EndGlobalSection
	GlobalSection(SolutionProperties) = preSolution
		HideSolutionNode = FALSE
	EndGlobalSection
	GlobalSection(ExtensibilityGlobals) = postSolution
		SolutionGuid = {983ED40A-CB82-498E-807F-4B85F90ADAE2}
	EndGlobalSection
EndGlobal
